
Microsoft Visual Studio Solution File, Format Version 12.00
# Visual Studio Version 17
VisualStudioVersion = 17.12.35514.174
MinimumVisualStudioVersion = 10.0.40219.1
Project("{2150E333-8FDC-42A3-9474-1A3956D46DE8}") = "01.Common", "01.Common", "{3DDE7DEB-4216-42B8-BFCD-6D1619AD6BE1}"
EndProject
Project("{2150E333-8FDC-42A3-9474-1A3956D46DE8}") = "02.Service", "02.Service", "{3AA84681-4A8D-4648-BE92-EB085C6ADAC0}"
EndProject
Project("{2150E333-8FDC-42A3-9474-1A3956D46DE8}") = "03.API", "03.API", "{C543FC89-B4DA-4D29-9C1D-436BF41D0F50}"
EndProject
Project("{2150E333-8FDC-42A3-9474-1A3956D46DE8}") = "03.UnitTest", "03.UnitTest", "{F4779D05-DFF2-404A-935F-96B11425AC54}"
EndProject
Project("{FAE04EC0-301F-11D3-BF4B-00C04F79EFBC}") = "ATS_QTHT_API", "03.API\ATS_QTHT_API\ATS_QTHT_API.csproj", "{A181D5EB-EA27-42FF-B0ED-9325529D89B1}"
EndProject
Project("{FAE04EC0-301F-11D3-BF4B-00C04F79EFBC}") = "NetCore.Caching", "01.Common\NetCore.Caching\NetCore.Caching.csproj", "{76B1A175-81AD-433F-89AD-9217489D9778}"
EndProject
Project("{FAE04EC0-301F-11D3-BF4B-00C04F79EFBC}") = "NetCore.Core", "01.Common\NetCore.Core\NetCore.Core.csproj", "{65EEAE90-1C5F-4071-8107-A0DDE1394362}"
EndProject
Project("{FAE04EC0-301F-11D3-BF4B-00C04F79EFBC}") = "NetCore.Logging", "01.Common\NetCore.Logging\NetCore.Logging.csproj", "{2219F4C6-6466-4A82-8619-66AF2D29E67F}"
EndProject
Project("{FAE04EC0-301F-11D3-BF4B-00C04F79EFBC}") = "NetCore.Model", "01.Common\NetCore.Model\NetCore.Model.csproj", "{B3DEBF29-9D32-4044-9C34-F7C682EBEFBE}"
EndProject
Project("{FAE04EC0-301F-11D3-BF4B-00C04F79EFBC}") = "ATS_QTHT_Service.CRM", "02.Service\ATS_QTHT_Service.CRM\ATS_QTHT_Service.CRM.csproj", "{409190B1-ED31-4117-88B5-641BFFAFEDE6}"
EndProject
Project("{FAE04EC0-301F-11D3-BF4B-00C04F79EFBC}") = "ATS_QTHT_Service.AwS3", "02.Service\ATS_QTHT_Service.AwS3\ATS_QTHT_Service.AwS3.csproj", "{60D86DFF-8CCD-4C99-BBF7-6396DD2C5F80}"
EndProject
Project("{FAE04EC0-301F-11D3-BF4B-00C04F79EFBC}") = "NetCore.DataProcess", "01.Common\NetCore.DataProcess\NetCore.DataProcess.csproj", "{66AEFB01-3B76-4448-A827-C842C04CE4A1}"
EndProject
Global
	GlobalSection(SolutionConfigurationPlatforms) = preSolution
		Debug|Any CPU = Debug|Any CPU
		Release|Any CPU = Release|Any CPU
	EndGlobalSection
	GlobalSection(ProjectConfigurationPlatforms) = postSolution
		{A181D5EB-EA27-42FF-B0ED-9325529D89B1}.Debug|Any CPU.ActiveCfg = Debug|Any CPU
		{A181D5EB-EA27-42FF-B0ED-9325529D89B1}.Debug|Any CPU.Build.0 = Debug|Any CPU
		{A181D5EB-EA27-42FF-B0ED-9325529D89B1}.Release|Any CPU.ActiveCfg = Release|Any CPU
		{A181D5EB-EA27-42FF-B0ED-9325529D89B1}.Release|Any CPU.Build.0 = Release|Any CPU
		{76B1A175-81AD-433F-89AD-9217489D9778}.Debug|Any CPU.ActiveCfg = Debug|Any CPU
		{76B1A175-81AD-433F-89AD-9217489D9778}.Debug|Any CPU.Build.0 = Debug|Any CPU
		{76B1A175-81AD-433F-89AD-9217489D9778}.Release|Any CPU.ActiveCfg = Release|Any CPU
		{76B1A175-81AD-433F-89AD-9217489D9778}.Release|Any CPU.Build.0 = Release|Any CPU
		{65EEAE90-1C5F-4071-8107-A0DDE1394362}.Debug|Any CPU.ActiveCfg = Debug|Any CPU
		{65EEAE90-1C5F-4071-8107-A0DDE1394362}.Debug|Any CPU.Build.0 = Debug|Any CPU
		{65EEAE90-1C5F-4071-8107-A0DDE1394362}.Release|Any CPU.ActiveCfg = Release|Any CPU
		{65EEAE90-1C5F-4071-8107-A0DDE1394362}.Release|Any CPU.Build.0 = Release|Any CPU
		{2219F4C6-6466-4A82-8619-66AF2D29E67F}.Debug|Any CPU.ActiveCfg = Debug|Any CPU
		{2219F4C6-6466-4A82-8619-66AF2D29E67F}.Debug|Any CPU.Build.0 = Debug|Any CPU
		{2219F4C6-6466-4A82-8619-66AF2D29E67F}.Release|Any CPU.ActiveCfg = Release|Any CPU
		{2219F4C6-6466-4A82-8619-66AF2D29E67F}.Release|Any CPU.Build.0 = Release|Any CPU
		{B3DEBF29-9D32-4044-9C34-F7C682EBEFBE}.Debug|Any CPU.ActiveCfg = Debug|Any CPU
		{B3DEBF29-9D32-4044-9C34-F7C682EBEFBE}.Debug|Any CPU.Build.0 = Debug|Any CPU
		{B3DEBF29-9D32-4044-9C34-F7C682EBEFBE}.Release|Any CPU.ActiveCfg = Release|Any CPU
		{B3DEBF29-9D32-4044-9C34-F7C682EBEFBE}.Release|Any CPU.Build.0 = Release|Any CPU
		{409190B1-ED31-4117-88B5-641BFFAFEDE6}.Debug|Any CPU.ActiveCfg = Debug|Any CPU
		{409190B1-ED31-4117-88B5-641BFFAFEDE6}.Debug|Any CPU.Build.0 = Debug|Any CPU
		{409190B1-ED31-4117-88B5-641BFFAFEDE6}.Release|Any CPU.ActiveCfg = Release|Any CPU
		{409190B1-ED31-4117-88B5-641BFFAFEDE6}.Release|Any CPU.Build.0 = Release|Any CPU
		{60D86DFF-8CCD-4C99-BBF7-6396DD2C5F80}.Debug|Any CPU.ActiveCfg = Debug|Any CPU
		{60D86DFF-8CCD-4C99-BBF7-6396DD2C5F80}.Debug|Any CPU.Build.0 = Debug|Any CPU
		{60D86DFF-8CCD-4C99-BBF7-6396DD2C5F80}.Release|Any CPU.ActiveCfg = Release|Any CPU
		{60D86DFF-8CCD-4C99-BBF7-6396DD2C5F80}.Release|Any CPU.Build.0 = Release|Any CPU
		{66AEFB01-3B76-4448-A827-C842C04CE4A1}.Debug|Any CPU.ActiveCfg = Debug|Any CPU
		{66AEFB01-3B76-4448-A827-C842C04CE4A1}.Debug|Any CPU.Build.0 = Debug|Any CPU
		{66AEFB01-3B76-4448-A827-C842C04CE4A1}.Release|Any CPU.ActiveCfg = Release|Any CPU
		{66AEFB01-3B76-4448-A827-C842C04CE4A1}.Release|Any CPU.Build.0 = Release|Any CPU
	EndGlobalSection
	GlobalSection(SolutionProperties) = preSolution
		HideSolutionNode = FALSE
	EndGlobalSection
	GlobalSection(NestedProjects) = preSolution
		{A181D5EB-EA27-42FF-B0ED-9325529D89B1} = {C543FC89-B4DA-4D29-9C1D-436BF41D0F50}
		{76B1A175-81AD-433F-89AD-9217489D9778} = {3DDE7DEB-4216-42B8-BFCD-6D1619AD6BE1}
		{65EEAE90-1C5F-4071-8107-A0DDE1394362} = {3DDE7DEB-4216-42B8-BFCD-6D1619AD6BE1}
		{2219F4C6-6466-4A82-8619-66AF2D29E67F} = {3DDE7DEB-4216-42B8-BFCD-6D1619AD6BE1}
		{B3DEBF29-9D32-4044-9C34-F7C682EBEFBE} = {3DDE7DEB-4216-42B8-BFCD-6D1619AD6BE1}
		{409190B1-ED31-4117-88B5-641BFFAFEDE6} = {3AA84681-4A8D-4648-BE92-EB085C6ADAC0}
		{60D86DFF-8CCD-4C99-BBF7-6396DD2C5F80} = {3AA84681-4A8D-4648-BE92-EB085C6ADAC0}
		{66AEFB01-3B76-4448-A827-C842C04CE4A1} = {3DDE7DEB-4216-42B8-BFCD-6D1619AD6BE1}
	EndGlobalSection
EndGlobal
